
Microsoft Visual Studio Solution File, Format Version 12.00
# Visual Studio 15
VisualStudioVersion = 15.0.28307.329
MinimumVisualStudioVersion = 10.0.40219.1
Project("{FAE04EC0-301F-11D3-BF4B-00C04F79EFBC}") = "Task1", "Task1\Task1.csproj", "{DF11D8B5-8686-4A46-957E-EE33D4F609E2}"
EndProject
Project("{FAE04EC0-301F-11D3-BF4B-00C04F79EFBC}") = "Task2", "Task2\Task2.csproj", "{CFC6B076-EE5C-438E-A6D5-397E28E6693E}"
EndProject
Project("{FAE04EC0-301F-11D3-BF4B-00C04F79EFBC}") = "Task3", "Task3\Task3.csproj", "{E3501392-FD89-40A3-B383-CC4D374CF3AA}"
EndProject
Project("{FAE04EC0-301F-11D3-BF4B-00C04F79EFBC}") = "Task4", "Task4\Task4.csproj", "{F312AF1A-BB5D-4CFF-925E-989D4185C1AD}"
EndProject
Global
	GlobalSection(SolutionConfigurationPlatforms) = preSolution
		Debug|Any CPU = Debug|Any CPU
		Release|Any CPU = Release|Any CPU
	EndGlobalSection
	GlobalSection(ProjectConfigurationPlatforms) = postSolution
		{DF11D8B5-8686-4A46-957E-EE33D4F609E2}.Debug|Any CPU.ActiveCfg = Debug|Any CPU
		{DF11D8B5-8686-4A46-957E-EE33D4F609E2}.Debug|Any CPU.Build.0 = Debug|Any CPU
		{DF11D8B5-8686-4A46-957E-EE33D4F609E2}.Release|Any CPU.ActiveCfg = Release|Any CPU
		{DF11D8B5-8686-4A46-957E-EE33D4F609E2}.Release|Any CPU.Build.0 = Release|Any CPU
		{CFC6B076-EE5C-438E-A6D5-397E28E6693E}.Debug|Any CPU.ActiveCfg = Debug|Any CPU
		{CFC6B076-EE5C-438E-A6D5-397E28E6693E}.Debug|Any CPU.Build.0 = Debug|Any CPU
		{CFC6B076-EE5C-438E-A6D5-397E28E6693E}.Release|Any CPU.ActiveCfg = Release|Any CPU
		{CFC6B076-EE5C-438E-A6D5-397E28E6693E}.Release|Any CPU.Build.0 = Release|Any CPU
		{E3501392-FD89-40A3-B383-CC4D374CF3AA}.Debug|Any CPU.ActiveCfg = Debug|Any CPU
		{E3501392-FD89-40A3-B383-CC4D374CF3AA}.Debug|Any CPU.Build.0 = Debug|Any CPU
		{E3501392-FD89-40A3-B383-CC4D374CF3AA}.Release|Any CPU.ActiveCfg = Release|Any CPU
		{E3501392-FD89-40A3-B383-CC4D374CF3AA}.Release|Any CPU.Build.0 = Release|Any CPU
		{F312AF1A-BB5D-4CFF-925E-989D4185C1AD}.Debug|Any CPU.ActiveCfg = Debug|Any CPU
		{F312AF1A-BB5D-4CFF-925E-989D4185C1AD}.Debug|Any CPU.Build.0 = Debug|Any CPU
		{F312AF1A-BB5D-4CFF-925E-989D4185C1AD}.Release|Any CPU.ActiveCfg = Release|Any CPU
		{F312AF1A-BB5D-4CFF-925E-989D4185C1AD}.Release|Any CPU.Build.0 = Release|Any CPU
	EndGlobalSection
	GlobalSection(SolutionProperties) = preSolution
		HideSolutionNode = FALSE
	EndGlobalSection
	GlobalSection(ExtensibilityGlobals) = postSolution
		SolutionGuid = {76FD7267-C42E-473B-80AF-5B4D86E80843}
	EndGlobalSection
EndGlobal
